Microsoft Visual Studio Solution File, Format Version 12.00
# Visual Studio Version 17
VisualStudioVersion = 17.5.2.0
MinimumVisualStudioVersion = 10.0.40219.1
Project("{FAE04EC0-301F-11D3-BF4B-00C04F79EFBC}") = "sts2kernel", "sts2kernel.csproj", "{FB060E28-592E-637C-47C5-511BF074A068}"
EndProject
Global
	GlobalSection(SolutionConfigurationPlatforms) = preSolution
		Debug|Any CPU = Debug|Any CPU
		Release|Any CPU = Release|Any CPU
	EndGlobalSection
	GlobalSection(ProjectConfigurationPlatforms) = postSolution
		{FB060E28-592E-637C-47C5-511BF074A068}.Debug|Any CPU.ActiveCfg = Debug|Any CPU
		{FB060E28-592E-637C-47C5-511BF074A068}.Debug|Any CPU.Build.0 = Debug|Any CPU
		{FB060E28-592E-637C-47C5-511BF074A068}.Release|Any CPU.ActiveCfg = Release|Any CPU
		{FB060E28-592E-637C-47C5-511BF074A068}.Release|Any CPU.Build.0 = Release|Any CPU
	EndGlobalSection
	GlobalSection(SolutionProperties) = preSolution
		HideSolutionNode = FALSE
	EndGlobalSection
	GlobalSection(ExtensibilityGlobals) = postSolution
		SolutionGuid = {FC7405DE-9E3A-4938-9403-26C49C89EBDC}
	EndGlobalSection
EndGlobal
